{
    "_meta": {
        "hash": {
            "sha256": "b58f0748b6b8bfa402401a1062455047217864c73514deb8d6d1c73277a7255d"
        },
        "host-environment-markers": {
            "implementation_name": "cpython",
            "implementation_version": "3.6.4",
            "os_name": "posix",
            "platform_machine": "x86_64",
            "platform_python_implementation": "CPython",
            "platform_release": "15.6.0",
            "platform_system": "Darwin",
            "platform_version": "Darwin Kernel Version 15.6.0: Tue Jan  9 20:12:05 PST 2018; root:xnu-3248.73.5~1/RELEASE_X86_64",
            "python_full_version": "3.6.4",
            "python_version": "3.6",
            "sys_platform": "darwin"
        },
        "pipfile-spec": 6,
        "requires": {
            "python_version": "3.6"
        },
        "sources": [
            {
                "name": "pypi",
                "url": "https://pypi.python.org/simple",
                "verify_ssl": true
            }
        ]
    },
    "default": {
        "alembic": {
            "hashes": [
                "sha256:46f4849c6dce69f54dd5001b3215b6a983dee6b17512efee10e237fa11f20cfa"
            ],
            "version": "==0.9.7"
        },
        "amqp": {
            "hashes": [
                "sha256:e0ed0ce6b8ffe5690a2e856c7908dc557e0e605283d6885dd1361d79f2928908",
                "sha256:2dea4d16d073c902c3b89d9b96620fb6729ac0f7a923bbc777cb4ad827c0c61a"
            ],
            "version": "==1.4.9"
        },
        "aniso8601": {
            "hashes": [
                "sha256:e33ffc4ff6882e6a318c07844e346cd6160abe2f48cc2e797d2fe5f36364789e"
            ],
            "version": "==0.82"
        },
        "anyjson": {
            "hashes": [
                "sha256:37812d863c9ad3e35c0734c42e0bf0320ce8c3bed82cd20ad54cb34d158157ba"
            ],
            "version": "==0.3.3"
        },
        "awesome-slugify": {
            "hashes": [
                "sha256:bbdec3fa2187917473a2efad092b57f7125a55f841a7cf6a1773178d32ccfd71"
            ],
            "version": "==1.6.5"
        },
        "babel": {
            "hashes": [
                "sha256:ad209a68d7162c4cff4b29cdebe3dec4cef75492df501b0049a9433c96ce6f80",
                "sha256:8ce4cb6fdd4393edd323227cba3a077bceb2a6ce5201c902c65e730046f41f14"
            ],
            "version": "==2.5.3"
        },
        "billiard": {
            "hashes": [
                "sha256:24939ed8cec9f6c1fae62312dccaa71cabbaf7af07c70a55935c7d346382d10b",
                "sha256:7a26bccbba69cd912558edcea7268e63ab184b6fb523b12738848b0508304673",
                "sha256:07e774150534e61af70353b1262d2bdad29c3f3bee01f2c7c73373f5cd96ebc4",
                "sha256:c75d4905104fd1913025ddd5e0904e28bbf4284e4f7c2a7bbd487d453e473827",
                "sha256:0de3a526ba1ee6f561c9e4dd60b8c3ab99d1271f2d32310a81936e77583b9ffd",
                "sha256:2b94d17087632e593181860319bce79b715fab3f3219f0c57e1460f958141d0f",
                "sha256:db1194835915481261f71303c64552860a0080c661da6c19473aef014da5a39b",
                "sha256:f8c5fd82d64953ea68a7cd447ea29e493f302ab9060ad1ba452c54d2e37bbd2f",
                "sha256:d216181387317f8696c6d1c80a2491258d037493c1f0c6eb58992a549481e77e"
            ],
            "version": "==3.3.0.22"
        },
        "blinker": {
            "hashes": [
                "sha256:471aee25f3992bd325afa3772f1063dbdbbca947a041b8b89466dc00d606f8b6"
            ],
            "version": "==1.4"
        },
        "boltons": {
            "hashes": [
                "sha256:1d8d6fca01680ea8325e12e8497348d4c4d9c0e48f6bd221b1d183d325f54119",
                "sha256:c7496b4b0edfff7e5f27d61da4393fc27fee09c64fa66a423f1e64fa16458a20"
            ],
            "version": "==17.2.0"
        },
        "cachetools": {
            "hashes": [
                "sha256:f2557ea12eb1e1f9740ed3cd218089eecdd92be1df810402459fa6f2fd8b42f2",
                "sha256:9810dd6afaec9e9eaae5ec33f2aa7117214a7a3f8427e70ab23939fe4d1bf279"
            ],
            "version": "==1.1.5"
        },
        "celery": {
            "hashes": [
                "sha256:3071b71ef8c43178ace8435002b11f2ff06db7690f07d960540eab7f4183ddf7",
                "sha256:d02f191c3d92a851c9d2028e91baf2a0f2734cd3b659743d3624011d1ef7a6d5"
            ],
            "version": "==3.1.20"
        },
        "click": {
            "hashes": [
                "sha256:29f99fc6125fbc931b758dc053b3114e55c77a6e4c6c3a2674a2dc986016381d",
                "sha256:f15516df478d5a56180fbf80e68f206010e6d160fc39fa508b65e035fd75130b"
            ],
            "version": "==6.7"
        },
        "ecdsa": {
            "hashes": [
                "sha256:40d002cf360d0e035cf2cb985e1308d41aaa087cbfc135b2dc2d844296ea546c",
                "sha256:64cf1ee26d1cde3c73c6d7d107f835fed7c6a2904aef9eac223d57ad800c43fa"
            ],
            "version": "==0.13"
        },
        "et-xmlfile": {
            "hashes": [
                "sha256:614d9722d572f6246302c4491846d2c393c199cfa4edc9af593437691683335b"
            ],
            "version": "==1.0.1"
        },
        "fabric": {
            "hashes": [
                "sha256:90ef9c0f9d0be5a088381ef04e765662ef55a32c8cd5ca7b36cc6da8d9a98fea",
                "sha256:651a07959bdabfb15fda2a6e6adebf473e57ff5b6f3f5d2894fa787c2b6fd202"
            ],
            "version": "==1.8.3"
        },
        "flask": {
            "hashes": [
                "sha256:0749df235e3ff61ac108f69ac178c9770caeaccad2509cb762ce1f65570a8856",
                "sha256:49f44461237b69ecd901cc7ce66feea0319b9158743dd27a2899962ab214dac1"
            ],
            "version": "==0.12.2"
        },
        "flask-admin": {
            "hashes": [
                "sha256:f2d58448985cf25d757be8e4764a46134a6d0a6ec7fcddc584050a6cc8732d6f"
            ],
            "version": "==1.4.0"
        },
        "flask-assets": {
            "hashes": [
                "sha256:6031527b89fb3509d1581d932affa5a79dd348cfffb58d0aef99a43461d47847"
            ],
            "version": "==0.12"
        },
        "flask-babelex": {
            "hashes": [
                "sha256:cf79cdedb5ce860166120136b0e059e9d97b8df07a3bc2411f6243de04b754b4"
            ],
            "version": "==0.9.3"
        },
        "flask-caching": {
            "hashes": [
                "sha256:21236d2b4567deb9fc95e474a604602097189e834629c24f4d62937abc963636"
            ],
            "version": "==1.3.3"
        },
        "flask-gravatar": {
            "hashes": [
                "sha256:93be048a58cef92345e7bfc78e918e7f4c729b3a33646510b71948c024e7f591",
                "sha256:60665f31c2c612891db68ff801e93ed3a0881c6c8ec346abc64d2a9923f562e1"
            ],
            "version": "==0.5.0"
        },
        "flask-httpauth": {
            "hashes": [
                "sha256:f779799a74994cd047569785becd3a3a1c95032aa5aefecb1819faf3becb008b"
            ],
            "version": "==2.7.0"
        },
        "flask-login": {
            "hashes": [
                "sha256:c815c1ac7b3e35e2081685e389a665f2c74d7e077cb93cecabaea352da4752ec"
            ],
            "version": "==0.4.1"
        },
        "flask-mail": {
            "hashes": [
                "sha256:22e5eb9a940bf407bcf30410ecc3708f3c56cc44b29c34e1726fe85006935f41"
            ],
            "version": "==0.9.1"
        },
        "flask-menu": {
            "hashes": [
                "sha256:90a61e4e1cd5dbe664962a39f7007da67165dba216b40ace0742b1c32faae3f9",
                "sha256:41b6accfec83d3208058ec060cdb369c0a3c698452867b31e21a85c2c47eea35"
            ],
            "version": "==0.4.0"
        },
        "flask-migrate": {
            "hashes": [
                "sha256:493f9b3795985b9b4915bf3b7d16946697f027b73545384e7d9e3a79f989d2fe",
                "sha256:b709ca8642559c3c5a81a33ab10839fa052177accd5ba821047a99db635255ed"
            ],
            "version": "==2.1.1"
        },
        "flask-mongoengine": {
            "hashes": [
                "sha256:013bd05d9eac88f7a4e69c109858a7d78924211b27a9490470ac0076acc83b3b",
                "sha256:01b66bd9bfdef9cc9e7e7102e1f86e772e6777c36d8577b3ef5c94ba3216bde8"
            ],
            "version": "==0.9.3"
        },
        "flask-principal": {
            "hashes": [
                "sha256:f5d6134b5caebfdbb86f32d56d18ee44b080876a27269560a96ea35f75c99453"
            ],
            "version": "==0.4.0"
        },
        "flask-restful": {
            "hashes": [
                "sha256:e2f1b8063de3944b94c7f8be5cee4d2161db0267c54c5b757d875295061776fa",
                "sha256:5795519501347e108c436b693ff9a4d7b373a3ac9069627d64e4001c05dd3407"
            ],
            "version": "==0.3.6"
        },
        "flask-script": {
            "hashes": [
                "sha256:f43a1be86fd618712fd30c47eb3c88effd17ed96633bf0791a89b82a221a89ce"
            ],
            "version": "==0.6.7"
        },
        "flask-security": {
            "hashes": [
                "sha256:ef837c03558db41335c8dabd16ae4977af0a5ef0c2cdecf738e33ef5202ce489",
                "sha256:d61daa5f5a48f89f30f50555872bdf581b2c65804668b0313345cd7beff26432"
            ],
            "version": "==3.0.0"
        },
        "flask-sqlalchemy": {
            "hashes": [
                "sha256:3bc0fac969dd8c0ace01b32060f0c729565293302f0c4269beed154b46bec50b",
                "sha256:5971b9852b5888655f11db634e87725a9031e170f37c0ce7851cf83497f56e53"
            ],
            "version": "==2.3.2"
        },
        "flask-sslify": {
            "hashes": [
                "sha256:8e972fcd45827c7c1b93b945924b611c7996907446cb65f2b9054eecf721c111"
            ],
            "version": "==0.1.4"
        },
        "flask-testing": {
            "hashes": [
                "sha256:921c7c653e0d511ed87fbf70d984e27afea8dfa7e10b358689863d7a63e05321"
            ],
            "version": "==0.4.2"
        },
        "flask-wtf": {
            "hashes": [
                "sha256:d9a9e366b32dcbb98ef17228e76be15702cd2600675668bca23f63a7947fd5ac",
                "sha256:5d14d55cfd35f613d99ee7cba0fc3fbbe63ba02f544d349158c14ca15561cc36"
            ],
            "version": "==0.14.2"
        },
        "gevent": {
            "hashes": [
                "sha256:9b492bb1a043540abb6e54fdb5537531e24962ca49c09f3b47dc4f9c37f6297c",
                "sha256:de13a8e378103af84a8bf6015ad1d2761d46f29b8393e8dd6d9bb7cb51bbb713",
                "sha256:deafd70d04ab62428d4e291e8e2c0fb22f38690e6a9f23a67ee6c304087634da",
                "sha256:b67a10799923f9fed546ca5f8b93a2819c71a60132d7a97b4a13fbdab66b278a",
                "sha256:35790f1a3c8e431ada3471b70bb2105050009ea4beb15cbe41b86bc716a7ffa9",
                "sha256:c9dd6534c46ed782e2d7236767cd07115cb29ce8670c2fc0794f264de9024fe0",
                "sha256:b7e0e6400c2f3ce78a9ae1cdd55b53166feedd003d60c033863881227129a4d3",
                "sha256:0901975628790e8a57fc92bb7062e5b856edea48c8de9caf36cfda14eae07329",
                "sha256:df52e06a2754c2d905aad75a7dc06a732c804d9edbc87f06f47c8f483ba98bca",
                "sha256:70558dd45c7a1f8046ba45792e489dd0f409bd8a3b7a0635ca9d3055223b3dff",
                "sha256:8a710eddb3e9e5f22bdbd458b5f211b94f59409ecd6896f15b9fee2cba266a59",
                "sha256:60109741377367eef8ded9283a1bf629621b73acaf3e1e8aac9d1a0f50fa0f05",
                "sha256:552719cec4721673b8c7d2f9de666e3f7591b9b182f801ecaef1c76e638052aa",
                "sha256:a16db4f56699ef07f0249b953ff949aae641e50b2bdc4710f11c0d8d9089b296",
                "sha256:59e9237af027f8db85e5d78a9da2e328ae96f01d67a0d62abcecad3db7876908",
                "sha256:833bebdc36bfeeedefc200ca9aee9b8eddd80f56b63ca1e886e18b97b1240edd",
                "sha256:81cb24e0f7bd9888596364e8d8ed0d65c2547c84884c67bb46d956faeed67396",
                "sha256:1af93825db5753550fa8ff5ab2f2132e8733170b3f8d38347b34fa4a984cb624",
                "sha256:2ff045a91509c35664c27a849c8cbf742a227f587b7cdbc88301e9c85dcaedff",
                "sha256:a66cf99f08da65c501826a19e30f5a6e7ba942fdd79baba5ce2d51eebaa13444",
                "sha256:4791c8ae9c57d6f153354736e1ccab1e2baf6c8d9ae5a77a9ac90f41e2966b2d",
                "sha256:74bce0c30bb2240e3d5d515ba8cb3eadf840c2bde7109a1979c7a26c9d0f5a6a",
                "sha256:a0ed8ba787b9c0c1c565c2675d71652e6c1e2d4e91f53530860d0303e867fe85",
                "sha256:c35b29de49211014ec66d056fd4f9ba7a04795e2a654697f72879c0cf365d6d4",
                "sha256:6892fabc9051e8c0a171d543b6536859aabeb6d169db79b2f45d64dc2a15808c",
                "sha256:fce894a64db3911897cdad6c37fbb23dfb18b7bf8b9cb8c00a8ea0a7253651c9",
                "sha256:4f098002126ebef7f2907188b6c8b09e5193161ce968847d9e6a8bc832b0db9a",
                "sha256:33fa6759eabc9176ddbe0d29b66867a82e19a61f06eb7cfabbac35343c0ecf24",
                "sha256:7f93b67b680f4a921f517294048d05f8f6f0ed5962b78d6685a6cf0fcd7d8202"
            ],
            "version": "==1.2.2"
        },
        "greenlet": {
            "hashes": [
                "sha256:50643fd6d54fd919f9a0a577c5f7b71f5d21f0959ab48767bd4bb73ae0839500",
                "sha256:c7b04a6dc74087b1598de8d713198de4718fa30ec6cbb84959b26426c198e041",
                "sha256:b6ef0cabaf5a6ecb5ac122e689d25ba12433a90c7b067b12e5f28bdb7fb78254",
                "sha256:fcfadaf4bf68a27e5dc2f42cbb2f4b4ceea9f05d1d0b8f7787e640bed2801634",
                "sha256:b417bb7ff680d43e7bd7a13e2e08956fa6acb11fd432f74c97b7664f8bdb6ec1",
                "sha256:769b740aeebd584cd59232be84fdcaf6270b8adc356596cdea5b2152c82caaac",
                "sha256:c2de19c88bdb0366c976cc125dca1002ec1b346989d59524178adfd395e62421",
                "sha256:5b49b3049697aeae17ef7bf21267e69972d9e04917658b4e788986ea5cc518e8",
                "sha256:09ef2636ea35782364c830f07127d6c7a70542b178268714a9a9ba16318e7e8b",
                "sha256:f8f2a0ae8de0b49c7b5b2daca4f150fdd9c1173e854df2cce3b04123244f9f45",
                "sha256:1b7df09c6598f5cfb40f843ade14ed1eb40596e75cd79b6fa2efc750ba01bb01",
                "sha256:75c413551a436b462d5929255b6dc9c0c3c2b25cbeaee5271a56c7fda8ca49c0",
                "sha256:58798b5d30054bb4f6cf0f712f08e6092df23a718b69000786634a265e8911a9",
                "sha256:42118bf608e0288e35304b449a2d87e2ba77d1e373e8aa221ccdea073de026fa",
                "sha256:ad2383d39f13534f3ca5c48fe1fc0975676846dc39c2cece78c0f1f9891418e0",
                "sha256:1fff21a2da5f9e03ddc5bd99131a6b8edf3d7f9d6bc29ba21784323d17806ed7",
                "sha256:0fef83d43bf87a5196c91e73cb9772f945a4caaff91242766c5916d1dd1381e4"
            ],
            "version": "==0.4.13"
        },
        "gunicorn": {
            "hashes": [
                "sha256:75af03c99389535f218cc596c7de74df4763803f7b63eb09d77e92b3956b36c6",
                "sha256:eee1169f0ca667be05db3351a0960765620dad53f53434262ff8901b68a1b622"
            ],
            "version": "==19.7.1"
        },
        "honcho": {
            "hashes": [
                "sha256:af5806bf13e3b20acdcb9ff8c0beb91eee6fe07393c3448dfad89667e6ac7576",
                "sha256:c189402ad2e337777283c6a12d0f4f61dc6dd20c254c9a3a4af5087fc66cea6e"
            ],
            "version": "==1.0.1"
        },
        "itsdangerous": {
            "hashes": [
                "sha256:cbb3fcf8d3e33df861709ecaf89d9e6629cff0a217bc2848f1b41cd30d360519"
            ],
            "version": "==0.24"
        },
        "jdcal": {
            "hashes": [
                "sha256:b760160f8dc8cc51d17875c6b663fafe64be699e10ce34b6a95184b5aa0fdc9e"
            ],
            "version": "==1.3"
        },
        "jinja2": {
            "hashes": [
                "sha256:74c935a1b8bb9a3947c50a54766a969d4846290e1e788ea44c1392163723c3bd",
                "sha256:f84be1bb0040caca4cea721fcbbbbd61f9be9464ca236387158b0feea01914a4"
            ],
            "version": "==2.10"
        },
        "kombu": {
            "hashes": [
                "sha256:6741a5d7e8b8f53151aabd47fd3df1195aed540b169b2d7684b904ff112b483c",
                "sha256:853d18ca958a598787ceb8c297a369745b82965bf28276861272f14745977999"
            ],
            "version": "==3.0.33"
        },
        "lxml": {
            "hashes": [
                "sha256:c7e77bc09e9fbae0592bb00ab6da4d33923e0ad4e140b7a718ff27af4cd179b7",
                "sha256:b581511b54d57c97b4ef1ee50c167647e42783f713d1e98e5a38cb52ea43d693",
                "sha256:41673dcd4ae0551a19ee3b85810a49a238ebcdda95d63c6f94b9aaca7576f38e",
                "sha256:cf5fc7729733c114519cc259aa382513df46914f9f68bbf3e826e97ff99a0818",
                "sha256:6f6420a16576543362bdd33bf06fce6cc2ff863be945ac3944f9f4743074e766",
                "sha256:6ad6949dc7eea744a30fba77a968dd5910f545220e58bcc813b9df5c793e318a",
                "sha256:16f765f881f911556b32918142d563cb70c4d99606d8bbe8e559ab8b07ff2b42",
                "sha256:8a2eaf5b9d079457801b63a639b7b9e6db7c345415fa8b48729fdbdf26ed6bba",
                "sha256:75e4a86bf3bfa84eb91157afa9ff747e7658484cd3c10a963d4f18d60c018743",
                "sha256:9570a1e3e6ecf1502a2dfc8349ce676563d454dc9f7fb5295af86b3012c0d57c",
                "sha256:2f5705105e7d494c56acee76aa30b5a7594c45dbf26c11c0fa1e7675341b682a",
                "sha256:785be8ce64b618c83697470d0b296d2e1a17f88d044c361853d7a5de6506fee8",
                "sha256:a5fca849526f8c6a550b5e58e137d6dda3dce43663040e849614ea04aedcb41c",
                "sha256:4c20d48838476bc3d84a3bec31e3773fdda36c916b1272c78e526da98b890fea",
                "sha256:094e2ee81317d7f9c84026494d28473c5fbdbddeb096c4192f2fa77bb9a3f334",
                "sha256:5bd97b4a96c4fb1fd32afe7a532839757427bba97dfecca24ad1b18609cfbdf5"
            ],
            "version": "==3.3.5"
        },
        "mako": {
            "hashes": [
                "sha256:4e02fde57bd4abb5ec400181e4c314f56ac3e49ba4fb8b0d50bba18cb27d25ae"
            ],
            "version": "==1.0.7"
        },
        "markupsafe": {
            "hashes": [
                "sha256:a6be69091dac236ea9c6bc7d012beab42010fa914c459791d627dad4910eb665"
            ],
            "version": "==1.0"
        },
        "mongoengine": {
            "hashes": [
                "sha256:3fd918bb13eac7ef90262c6e5fa034801e4a2af7eefbd4595ebf0659d265cb86"
            ],
            "version": "==0.9.0"
        },
        "networkx": {
            "hashes": [
                "sha256:9b1a553c2bb01631220a05774beb850f6f989331d1aa62b6b3c0303f994c5a19",
                "sha256:1247a100cecc6d84c333ed50749045e405ba0d14bfdaae468a14a88054d6e4b3",
                "sha256:82ac339eb0968ad2a1c643a8d5be9b449cac4cdad724585d48a9c7340e022aae",
                "sha256:a7cafccea6b22ebe320ab6a2f13d76ae6b47054bf24bfa3674ddef91e74c914f",
                "sha256:b75ba675fd2831f60e3f5a028822a8f7b9993877854599e9694196f8b2f88233",
                "sha256:3d1cc64618ae82d1f9a0c8f84bdf27a2274e6f038dc40ac617000ccc0b23bc91"
            ],
            "version": "==1.8.1"
        },
        "numpy": {
            "hashes": [
                "sha256:428cd3c0b197cf857671353d8c85833193921af9fafcc169a1f29c7185833d50",
                "sha256:a476e437d73e5754aa66e1e75840d0163119c3911b7361f4cd06985212a3c3fb",
                "sha256:289ff717138cd9aa133adcbd3c3e284458b9c8230db4d42b39083a3407370317",
                "sha256:c5eccb4bf96dbb2436c61bb3c2658139e779679b6ae0d04c5e268e6608b58053",
                "sha256:75471acf298d455b035226cc609a92aee42c4bb6aa71def85f77fa2c2b646b61",
                "sha256:5c54fb98ecf42da59ed93736d1c071842482b18657eb16ba6e466bd873e1b923",
                "sha256:9ddf384ac3aacb72e122a8207775cc29727cbd9c531ee1a4b95754f24f42f7f3",
                "sha256:781d3197da49c421a07f250750de70a52c42af08ca02a2f7bdb571c0625ae7eb",
                "sha256:93b26d6c06a22e64d56aaca32aaaffd27a4143db0ac2f21a048f0b571f2bfc55",
                "sha256:b2547f57d05ba59df4289493254f29f4c9082d255f1f97b7e286f40f453e33a1",
                "sha256:eef6af1c752eef538a96018ef9bdf8e37bbf28aab50a1436501a4aa47a6467df",
                "sha256:ff8a4b2c3ac831964f529a2da506c28d002562b230261ae5c16885f5f53d2e75",
                "sha256:194074058c22a4066e1b6a4ea432486ee468d24ab16f13630c1030409e6b8666",
                "sha256:4e13f1a848fde960dea33702770265837c72b796a6a3eaac7528cfe75ddefadd",
                "sha256:91101216d72749df63968d86611b549438fb18af2c63849c01f9a897516133c7",
                "sha256:97507349abb7d1f6b76b877258defe8720833881dc7e7fd052bac90c88587387",
                "sha256:1479b46b6040b5c689831496354c8859c456b152d37315673a0c18720b41223b",
                "sha256:98b1ac79c160e36093d7914244e40ee1e7164223e795aa2c71dcce367554e646",
                "sha256:24bbec9a199f938eab75de8390f410969bc33c218e5430fa1ae9401b00865255",
                "sha256:7880f412543e96548374a4bb1d75e4cdb8cad80f3a101ed0f8d0e0428f719c1c",
                "sha256:6112f152b76a28c450bbf665da11757078a724a90330112f5b7ea2d6b6cefd67",
                "sha256:7c5276763646480143d5f3a6c2acb2885460c765051a1baf4d5070f63d05010f",
                "sha256:3de643935b212307b420248018323a44ec51987a336d1d747c1322afc3c099fb"
            ],
            "version": "==1.14.0"
        },
        "odfpy": {
            "hashes": [
                "sha256:ab1d67311b3c42dfad1063692c419c137fd6d5a6f0c6380d13758c2593a2b8c9",
                "sha256:6bcaf3b23aa9e49ed8c8c177266539b211add4e02402748a994451482a10cb1b"
            ],
            "version": "==1.3.6"
        },
        "openpyxl": {
            "hashes": [
                "sha256:0ff2e0c2c85cbf42e82dd223e7f2401a62dc73c18cd9e5dd7763dc6c8014ebde"
            ],
            "version": "==2.5.0"
        },
        "pandas": {
            "hashes": [
                "sha256:68ac484e857dcbbd07ea7c6f516cc67f7f143f5313d9bc661470e7f473528882",
                "sha256:12f2a19d0b0adf31170d98d0e8bcbc59add0965a9b0c65d39e0665400491c0c5",
                "sha256:68b121d13177f5128a4c118bb4f73ba40df28292c038389961aa55ea5a996427",
                "sha256:06efae5c00b9f4c6e6d3fe1eb52e590ff0ea8e5cb58032c724e04d31c540de53",
                "sha256:02541a4fdd31315f213a5c8e18708abad719ee03eda05f603c4fe973e9b9d770",
                "sha256:2907f3fe91ca2119ac3c38de6891bbbc83333bfe0d98309768fee28de563ee7a",
                "sha256:052a66f58783a59ea38fdfee25de083b107baa81fdbe38fabd169d0f9efce2bf",
                "sha256:244ae0b9e998cfa88452a49b20e29bf582cc7c0e69093876d505aec4f8e1c7fe",
                "sha256:66403162c8b45325a995493bdd78ad4d8be085e527d721dbfa773d56fbba9c88",
                "sha256:af0dbac881f6f87acd325415adea0ce8cccf28f5d4ad7a54b6a1e176e2f7bf70",
                "sha256:c2cd884794924687edbaad40d18ac984054d247bb877890932c4d41e3c3aba31",
                "sha256:c372db80a5bcb143c9cb254d50f902772c3b093a4f965275197ec2d2184b1e61",
                "sha256:97c8223d42d43d86ca359a57b4702ca0529c6553e83d736e93a5699951f0f8db",
                "sha256:587a9816cc663c958fcff7907c553b73fe196604f990bc98e1b71ebf07e45b44",
                "sha256:44a94091dd71f05922eec661638ec1a35f26d573c119aa2fad964f10a2880e6c"
            ],
            "version": "==0.22.0"
        },
        "paramiko": {
            "hashes": [
                "sha256:12c672d1280fec02d7160afe42dd44c2e9868555ff8e1a028f10cf141ec2455f"
            ],
            "version": "==1.12.4"
        },
        "parsimonious": {
            "hashes": [
                "sha256:d43832ba25ea4ce747b0aab675c07ea4638417a2cc9b9c5c0cb8ef68294b12c0"
            ],
            "version": "==0.5"
        },
        "parsley": {
            "hashes": [
                "sha256:c3bc417b8c7e3a96c87c0f2f751bfd784ed5156ffccebe2f84330df5685f8dc3",
                "sha256:9444278d47161d5f2be76a767809a3cbe6db4db822f46a4fd7481d4057208d41"
            ],
            "version": "==1.3"
        },
        "passlib": {
            "hashes": [
                "sha256:43526aea08fa32c6b6dbbbe9963c4c767285b78147b7437597f992812f69d280",
                "sha256:3d948f64138c25633613f303bcc471126eae67c04d5e3f6b7b8ce6242f8653e0"
            ],
            "version": "==1.7.1"
        },
        "prettyconf": {
            "hashes": [
                "sha256:83a23f3e01a2bb3c42c938c7823e61dcaf2eab47b27f5ed1e9fb76b2afe2023e"
            ],
            "version": "==1.2.3"
        },
        "psycopg2": {
            "hashes": [
                "sha256:594aa9a095de16614f703d759e10c018bdffeafce2921b8e80a0e8a0ebbc12e5",
                "sha256:1cf5d84290c771eeecb734abe2c6c3120e9837eb12f99474141a862b9061ac51",
                "sha256:0344b181e1aea37a58c218ccb0f0f771295de9aa25a625ed076e6996c6530f9e",
                "sha256:25250867a4cd1510fb755ef9cb38da3065def999d8e92c44e49a39b9b76bc893",
                "sha256:317612d5d0ca4a9f7e42afb2add69b10be360784d21ce4ecfbca19f1f5eadf43",
                "sha256:9d6266348b15b4a48623bf4d3e50445d8e581da413644f365805b321703d0fac",
                "sha256:ddca39cc55877653b5fcf59976d073e3d58c7c406ef54ae8e61ddf8782867182",
                "sha256:988d2ec7560d42ef0ac34b3b97aad14c4f068792f00e1524fa1d3749fe4e4b64",
                "sha256:7a9c6c62e6e05df5406e9b5235c31c376a22620ef26715a663cee57083b3c2ea",
                "sha256:7a75565181e75ba0b9fb174b58172bf6ea9b4331631cfe7bafff03f3641f5d73",
                "sha256:94e4128ba1ea56f02522fffac65520091a9de3f5c00da31539e085e13db4771b",
                "sha256:92179bd68c2efe72924a99b6745a9172471931fc296f9bfdf9645b75eebd6344",
                "sha256:b9358e203168fef7bfe9f430afaed3a2a624717a1d19c7afa7dfcbd76e3cd95c",
                "sha256:009e0bc09a57dbef4b601cb8b46a2abad51f5274c8be4bba276ff2884cd4cc53",
                "sha256:d3ac07240e2304181ffdb13c099840b5eb555efc7be9344503c0c03aa681de79",
                "sha256:40fa5630cd7d237cd93c4d4b64b9e5ed9273d1cfce55241c7f9066f5db70629d",
                "sha256:6c2f1a76a9ebd9ecf7825b9e20860139ca502c2bf1beabf6accf6c9e66a7e0c3",
                "sha256:37f54452c7787dbdc0a634ca9773362b91709917f0b365ed14b831f03cbd34ba",
                "sha256:8f5942a4daf1ffac42109dc4a72f786af4baa4fa702ede1d7c57b4b696c2e7d6",
                "sha256:bf708455cd1e9fa96c05126e89a0c59b200d086c7df7bbafc7d9be769e4149a3",
                "sha256:82c40ea3ac1555e0462803380609fbe8b26f52620f3d4f8eb480cfd8ceed8a14",
                "sha256:207ba4f9125a0a4200691e82d5eee7ea1485708eabe99a07fc7f08696fae62f4",
                "sha256:0cd4c848f0e9d805d531e44973c8f48962e20eb7fc0edac3db4f9dbf9ed5ab82",
                "sha256:57baf63aeb2965ca4b52613ce78e968b6d2bde700c97f6a7e8c6c236b51ab83e",
                "sha256:2954557393cfc9a5c11a5199c7a78cd9c0c793a047552d27b1636da50d013916",
                "sha256:7c31dade89634807196a6b20ced831fbd5bec8a21c4e458ea950c9102c3aa96f",
                "sha256:1286dd16d0e46d59fa54582725986704a7a3f3d9aca6c5902a7eceb10c60cb7e",
                "sha256:697ff63bc5451e0b0db48ad205151123d25683b3754198be7ab5fcb44334e519",
                "sha256:fc993c9331d91766d54757bbc70231e29d5ceb2d1ac08b1570feaa0c38ab9582",
                "sha256:9d64fed2681552ed642e9c0cc831a9e95ab91de72b47d0cb68b5bf506ba88647",
                "sha256:5c3213be557d0468f9df8fe2487eaf2990d9799202c5ff5cb8d394d09fad9b2a"
            ],
            "version": "==2.7.3.2"
        },
        "pycrypto": {
            "hashes": [
                "sha256:f2ce1e989b272cfcb677616763e0a2e7ec659effa67a88aa92b3a65528f60a3c"
            ],
            "version": "==2.6.1"
        },
        "pymongo": {
            "hashes": [
                "sha256:8bc017a05f95e6bcb281cc64386822af484f04e8e74a2eb2351c96615a97490f",
                "sha256:f06963ac44d5d8110cf7a3602c990f9196c06160b73a58bf54285667e71d9a22",
                "sha256:cf8d4cb28188705da876eb64adacf5c582769dd7c96425e8aaba3e0d6e2d9e77",
                "sha256:c1aedbc6044d5e70ea7a8f81205ae89742e7f58d96fd4cb7ef17312e016f20aa",
                "sha256:e410bfbfc880d63c608c48a787db46284e68642197068855ef1dfc5ff2771b01",
                "sha256:e7483795284e961e33f78637936b14dd99fdc4c004ffdcbdec9b0e5017a7e7bf",
                "sha256:65e217533c332a85dfe58e0fc1f44521103f030f97e5429499e0c880f50b666d",
                "sha256:91bd48766b99094f646ebf34b35055aa2660d6c1fee7b8d5102ee838213f9387",
                "sha256:e87c320a1f723dde4ae13bb56b8d91c1af39d99b79ee7b2484bf38f6a447b2d2",
                "sha256:a99b554bbeb2f3c8b2df793f187f5c969a3871aa613abd93cc3280c353573dd1",
                "sha256:e8a60148a665ff8287559e8fb3835cc144256ee708e3afd3bfa9f23766350af7",
                "sha256:fdcc535924c10515e588d841a2cfe51debd760a2c636168182cb56b63ba42a89",
                "sha256:751918b7dc3bbbc05c071073a50e85a4a265fe5ca2d6ed939d65c1403a0701b0",
                "sha256:1108c3f21541b03d1a8ff49daea5cdbf76da75ff9c09057d8cb0b16c17933ef1",
                "sha256:66e946612d932f6b5800c6324fd9bcbadd16de379f4ec56e57538ceff8c683fd",
                "sha256:28d06f38fb8b20df792c3436724041c330902f3bfdfaa71e6e5825a00f328179",
                "sha256:39e014abb53ed5ef302b69a07b1e6c6ef1d7395af15283001148949ce9676c2f",
                "sha256:2f3a720aaf3c7f376754bdd128007b792af6fc4c1ad215f18dcb8918ade7ef36",
                "sha256:ea57ecaa11b912f2b0339de3b59b27971c7315623f28fb368fd2ccaa35f8c8c8",
                "sha256:df68d27d02cebd56a5fa584fe3242ee6634ca01c811305eef4dbee336d4a8ef0",
                "sha256:c1443b59a7fcfa5db732a19c077057dd8dc65836d0eb951fc0db2731cffa30ee",
                "sha256:1d96aaac7806697648443922770dce6a49d9d46f7ae1e71ea87485321ec55adb",
                "sha256:cbd65a8357f50f3d79fdc4027f204b8a295e09b474614432800a5799a207fbbf",
                "sha256:8d0cdf4319d36f567bc9d6ad9d61ae28986c2e7a42b307ce19460e39ed95cf5d",
                "sha256:f14c0636eda28412ebb2e583cc1453b65c44ead96bf0381c0d49bb63162f7712",
                "sha256:582d6501f087d8421c58190e840799e7734fac2aabd1d016e2e1e21bbf1581cf",
                "sha256:eaec05ac650811aa9faeda3cc07b4ab20f973319bac658d982dce752f68c87fe",
                "sha256:ac49ffb70ea8a85e17c823a8b9692e43c1f97511eef5df324bba5470f6c8ea62",
                "sha256:2977640df42ee4b359009586917e9ae43a00c781dc083e2e3509623e9a63514f",
                "sha256:c513933616c25ac67856f3c5278e34008e2f405e8f14eed1bea3ac24fbda2ef0",
                "sha256:ec7bce08532ef294cec0210091fa5a5d1065f4956e7700315c19362ed91286b9",
                "sha256:95a92a6c935e5fffd331d3bc1417d2c731b44aa31b616ac2bad6e7f06de6d739",
                "sha256:911620b04d736f147f97b339ef948622c9bfd2a2398b86a0b135851e4b89c2b9",
                "sha256:f5a6c33f8097d1c7e955754871163ad824b040d7e3a38a5de33504f5733a8eb9",
                "sha256:5b92b313a5800fe92e9fe814215f5f01826162654e65f45cbd2b07e2fb16c7f5",
                "sha256:1326e29c7ca011329b041e9506f4663b5c1accb68ccf16b13a4bc27dc1326c22",
                "sha256:ba5c4b4b91aba994e330bb4f36f3d63a8aff662684abc56d8c7ab0c5a0002c15",
                "sha256:b7d83ebaf4a120f7991fd4348ac63d96799e9d766aaea5ea6af384e6ce94a2e6",
                "sha256:d6fbcc3562aed1bfa1d76063065dad7f64f310a480c7304a387f75ec8c3188f0",
                "sha256:d26765a1e8389343199c05c6a2bc96f0b5a3b16ae5745fd849f3ae1f7314c999",
                "sha256:770252171ce59d3ca99a5823847210ed52b9ccd669c1b294aed61a9b47a08e2b",
                "sha256:386d89696c17f991386a722e4c7207e6e36e22ff628145524231d7b5a8c6192a",
                "sha256:0543f65364fb54fb54b954136cf6b5e689ab12a7c1d15c59c52d3d0c5fa73935",
                "sha256:552b53e3f4071959f11ccb052a7ab6c137bb6dffd1d819f21d7ab143d605e951",
                "sha256:07fba04f6cd7e3a9a2e6054632cc940236196ab305c0a52a76b81f4b482ad5f9",
                "sha256:bc32cfd807d6da908ae6314e8fcbf0ffa713c50edd39b12ef4d592628f8d5fbf",
                "sha256:3236492e8e140f5583819593f95f0067e11f54ca2d669ffd45e4e19e6862b132",
                "sha256:bfc227896c05286b9eb09f55d0b0afb7b4a10b39205dec109cbf29e333c89d4b",
                "sha256:f2632e377d9d9cf99716996907e2886e8d6fdd362c04fc7c7b375b990b67cf9b",
                "sha256:399521acf66031d87bcf0b005aaf479d519f8d4c40b1f2ab748ae8aaa3fd3989",
                "sha256:04c8e3addc6d695bb6dc2924c492bc12f07ebe7c939c2f6cfa5d0e0f016d4640",
                "sha256:149973182942a0c7f2c1f6c2bf0f21c4431fcec7e88d7cc5246a26b3201d8a51",
                "sha256:59b53ffc2062be47dc68d5f3363e6c3de21899c20537b185e4e6262bc592a4c0",
                "sha256:796a79499a55a6f888f2059d8caf96adfb53fb2781044c4aa14c2f05b145b4b7",
                "sha256:9b0cf867737561320149aa8253570666ae6f3149da4c5d2fd8c2774689968e86"
            ],
            "version": "==2.8"
        },
        "python-dateutil": {
            "hashes": [
                "sha256:2ae63cf475f0bd049b722fac20813d62aedc14957dd5a3bf00d120d2b5404460",
                "sha256:3e95445c1db500a344079a47b171c45ef18f57d188dffdb0e4165c71bea8eb3d"
            ],
            "version": "==2.4.2"
        },
        "python-editor": {
            "hashes": [
                "sha256:a3c066acee22a1c94f63938341d4fb374e3fdd69366ed6603d7b24bed1efc565"
            ],
            "version": "==1.0.3"
        },
        "python-magic": {
            "hashes": [
                "sha256:a04b20900100884d4fce40a767182a16fcb9d10756c67cdc21f5fa610b7c9d3c"
            ],
            "version": "==0.4.12"
        },
        "pytz": {
            "hashes": [
                "sha256:3abe6a6d3fc2fbbe4c60144211f45da2edbe3182a6f6511af6bbba0598b1f992",
                "sha256:939ef9c1e1224d980405689a97ffcf7828c56d1517b31d73464356c1f2b7769e",
                "sha256:ead4aefa7007249e05e51b01095719d5a8dd95760089f5730aac5698b1932918",
                "sha256:3cca0df08bd0ed98432390494ce3ded003f5e661aa460be7a734bffe35983605",
                "sha256:3ede470d3d17ba3c07638dfa0d10452bc1b6e5ad326127a65ba77e6aaeb11bec",
                "sha256:68c47964f7186eec306b13629627722b9079cd4447ed9e5ecaecd4eac84ca734",
                "sha256:dd5d3991950aae40a6c81de1578942e73d629808cefc51d12cd157980e6cfc18",
                "sha256:a77c52062c07eb7c7b30545dbc73e32995b7e117eea750317b5cb5c7a4618f14",
                "sha256:81af9aec4bc960a9a0127c488f18772dae4634689233f06f65443e7b11ebeb51",
                "sha256:e079b1dadc5c06246cc1bb6fe1b23a50b1d1173f2edd5104efd40bb73a28f406",
                "sha256:fbd26746772c24cb93c8b97cbdad5cb9e46c86bbdb1b9d8a743ee00e2fb1fc5d",
                "sha256:99266ef30a37e43932deec2b7ca73e83c8dbc3b9ff703ec73eca6b1dae6befea",
                "sha256:8b6ce1c993909783bc96e0b4f34ea223bff7a4df2c90bdb9c4e0f1ac928689e3"
            ],
            "version": "==2015.7"
        },
        "pyyaml": {
            "hashes": [
                "sha256:3262c96a1ca437e7e4763e2843746588a965426550f3797a79fca9c6199c431f",
                "sha256:16b20e970597e051997d90dc2cddc713a2876c47e3d92d59ee198700c5427736",
                "sha256:e863072cdf4c72eebf179342c94e6989c67185842d9997960b3e69290b2fa269",
                "sha256:bc6bced57f826ca7cb5125a10b23fd0f2fff3b7c4701d64c439a300ce665fff8",
                "sha256:c01b880ec30b5a6e6aa67b09a2fe3fb30473008c85cd6a67359a1b15ed6d83a4",
                "sha256:827dc04b8fa7d07c44de11fabbc888e627fa8293b695e0f99cb544fdfa1bf0d1",
                "sha256:592766c6303207a20efc445587778322d7f73b161bd994f227adaa341ba212ab",
                "sha256:5f84523c076ad14ff5e6c037fe1c89a7f73a3e04cf0377cb4d017014976433f3",
                "sha256:0c507b7f74b3d2dd4d1322ec8a94794927305ab4cebbe89cc47fe5e81541e6e8",
                "sha256:b4c423ab23291d3945ac61346feeb9a0dc4184999ede5e7c43e1ffb975130ae6",
                "sha256:ca233c64c6e40eaa6c66ef97058cdc80e8d0157a443655baa1b2966e812807ca",
                "sha256:4474f8ea030b5127225b8894d626bb66c01cda098d47a2b0d3429b6700af9fd8",
                "sha256:326420cbb492172dec84b0f65c80942de6cedb5233c413dd824483989c000608",
                "sha256:5ac82e411044fb129bae5cfbeb3ba626acb2af31a8d17d175004b70862a741a7"
            ],
            "version": "==3.12"
        },
        "raven": {
            "hashes": [
                "sha256:0adae40e004dfe2181d1f2883aa3d4ca1cf16dbe449ae4b445b011c6eb220a90",
                "sha256:84da75114739191bdf2388f296ffd6177e83567a7fbaf2701e034ad6026e4f3b"
            ],
            "version": "==6.5.0"
        },
        "redis": {
            "hashes": [
                "sha256:af9747ec2727425b1b09252975e21502ee5a3d8d235c7f49869eb13e09ccf4e4"
            ],
            "version": "==2.9.1"
        },
        "regex": {
            "hashes": [
                "sha256:41f6551c1efd1944366e34067267f1ac08acd91fb34f58694e170a2d51dc27c6",
                "sha256:86f901002c7b173a4df643de5bca33472ec88ce91fc28ff3d84b1988c0327c32",
                "sha256:9de61bc26bd4720ea7061177a9a19f199d9d954a7f780982131034b41d671497",
                "sha256:b09cfdf8ccdeb8efb52fc6fe1e1cf079b9d27f09bcfe019b291b1302bc3e7470",
                "sha256:307790b616ad63eec9f47600e993d86d64394a7dfaeec74c8e90c2c697a0c68e",
                "sha256:bc729e1d586d0e59dbdbba7537d8a2646ea8d7e275bdbb508d1aca64695b92a9",
                "sha256:1deda6b50c5ac5417fa8b161f4f118186297ed2fb21946690998bc1582b26e3a",
                "sha256:5ad7ef6896d6b12db47c312c2b91d2b4125f608fee0a90f1b1ae35cae6f13c9f",
                "sha256:0a3e5ff16398b9ca57fa49144ac6b89ab6b20ec65147e76048c0283f5975d942",
                "sha256:01a53b4ba925c4397fa76ab546a77ab29d48be6f60b798cbd3ff3acae56185af",
                "sha256:fa62d5a67788cd320228b3d266a00ad3c7a877cf501441944f92b2e575de3845",
                "sha256:b8ec2838d2f21362549e70eb42f7ef25248fe73273564388db54cac68bae46a0",
                "sha256:6c18851e2da07807e69924026229f32140a2130fb35fe3d9a09760b0449da77f",
                "sha256:f5fa8f1eb6e6b6323db3b249a9fef4b4dca3a3260b6f1a39dee629baa4a8004a",
                "sha256:c5162e1ca552e50aac5101bbc97fc37562c69f939f21a13745d146ca7e748aa1"
            ],
            "version": "==2018.2.3"
        },
        "requests": {
            "hashes": [
                "sha256:fdb9af60d47ca57a80df0a213336019a34ff6192d8fff361c349f2c8398fe460",
                "sha256:1cdbed1f0e236f35ef54e919982c7a338e4fea3786310933d3a7887a04b74d75"
            ],
            "version": "==2.6.0"
        },
        "six": {
            "hashes": [
                "sha256:0ff78c403d9bccf5a425a6d31a12aa6b47f1c21ca4dc2573a7e2f32a97335eb1",
                "sha256:105f8d68616f8248e24bf0e9372ef04d3cc10104f1980f54d57b2ce73a5ad56a"
            ],
            "version": "==1.10.0"
        },
        "speaklater": {
            "hashes": [
                "sha256:59fea336d0eed38c1f0bf3181ee1222d0ef45f3a9dd34ebe65e6bfffdd6a65a9"
            ],
            "version": "==1.3"
        },
        "sqlalchemy": {
            "hashes": [
                "sha256:64b4720f0a8e033db0154d3824f5bf677cf2797e11d44743cf0aebd2a0499d9d"
            ],
            "version": "==1.2.2"
        },
        "sqlalchemy-utils": {
            "hashes": [
                "sha256:e35431b0e57c4f7030ff598c23813c8b7b04b508ce10e8e9ebe448645b38d6d7"
            ],
            "version": "==0.32.21"
        },
        "tablib": {
            "hashes": [
                "sha256:b8cf50a61d66655229993f2ee29220553fb2c80403479f8e6de77c0c24649d87"
            ],
            "version": "==0.12.1"
        },
        "unicodecsv": {
            "hashes": [
                "sha256:018c08037d48649a0412063ff4eda26eaa81eff1546dbffa51fa5293276ff7fc"
            ],
            "version": "==0.14.1"
        },
        "unidecode": {
            "hashes": [
                "sha256:61f807220eda0203a774a09f84b4304a3f93b5944110cc132af29ddb81366883",
                "sha256:280a6ab88e1f2eb5af79edff450021a0d3f0448952847cd79677e55e58bad051"
            ],
            "version": "==0.4.21"
        },
        "uwsgi": {
            "hashes": [
                "sha256:038ba9c21ad71ab02a5b966b95ee8627af0aa4966e066865f7063a0ab1c0305e"
            ],
            "version": "==2.0.13"
        },
        "webassets": {
            "hashes": [
                "sha256:e7d9c8887343123fd5b32309b33167428cb1318cdda97ece12d0907fd69d38db"
            ],
            "version": "==0.12.1"
        },
        "werkzeug": {
            "hashes": [
                "sha256:d5da73735293558eb1651ee2fddc4d0dedcfa06538b8813a2e20011583c9e49b",
                "sha256:c3fd7a7d41976d9f44db327260e263132466836cef6f91512889ed60ad26557c"
            ],
            "version": "==0.14.1"
        },
        "whitenoise": {
            "hashes": [
                "sha256:15f43b2e701821b95c9016cf469d29e2a546cb1c7dead584ba82c36f843995cf",
                "sha256:9d81515f2b5b27051910996e1e860b1332e354d9e7bcf30c98f21dcb6713e0dd"
            ],
            "version": "==3.3.1"
        },
        "wtforms": {
            "hashes": [
                "sha256:ffdf10bd1fa565b8233380cb77a304cd36fd55c73023e91d4b803c96bc11d46f"
            ],
            "version": "==2.1"
        },
        "xlrd": {
            "hashes": [
                "sha256:3bc9823c09321ba62c6a6aa5c338a2c5b96c802717a044f42cec7a65a4c8e9f9"
            ],
            "version": "==0.9.2"
        },
        "xlwt": {
            "hashes": [
                "sha256:a082260524678ba48a297d922cc385f58278b8aa68741596a87de01a9c628b2e",
                "sha256:c59912717a9b28f1a3c2a98fd60741014b06b043936dcecbc113eaaada156c88"
            ],
            "version": "==1.3.0"
        }
    },
    "develop": {
        "nose": {
            "hashes": [
                "sha256:dadcddc0aefbf99eea214e0f1232b94f2fa9bd98fa8353711dacb112bfcbbb2a",
                "sha256:9ff7c6cc443f8c51994b34a667bbcf45afd6d945be7477b52e97516fd17c53ac",
                "sha256:f1bffef9cbc82628f6e7d7b40d7e255aefaa1adb6a1b1d26c69a8b79e6208a98"
            ],
            "version": "==1.3.7"
        }
    }
}
